{
  "lockfile-version": 1,
  "manifest": {
    "schema-version": "1.12.0",
    "install": {
      "nodejs": {
        "pkg-path": "nodejs"
      },
      "pnpm": {
        "pkg-path": "pnpm"
      }
    },
    "hook": {},
    "profile": {},
    "options": {}
  },
  "packages": [
    {
      "attr_path": "nodejs",
      "broken": false,
      "derivation": "/nix/store/vbx35am7lar9zvwhk4nfl3lysmbd0ils-nodejs-24.15.0.drv",
      "description": "Event-driven I/O framework for the V8 JavaScript engine",
      "install_id": "nodejs",
      "license": "MIT",
      "locked_url": "https://github.com/flox/nixpkgs?rev=567a49d1913ce81ac6e9582e3553dd90a955875f",
      "name": "nodejs-24.15.0",
      "pname": "nodejs",
      "rev": "567a49d1913ce81ac6e9582e3553dd90a955875f",
      "rev_count": 1017464,
      "rev_date": "2026-06-16T02:33:49Z",
      "scrape_date": "2026-06-17T03:13:39.213888Z",
      "stabilities": [
        "staging",
        "unstable"
      ],
      "unfree": false,
      "version": "24.15.0",
      "outputs_to_install": [
        "out",
        "out",
        "out"
      ],
      "outputs": {
        "out": "/nix/store/3mvbmkd7lmxi3xlka1avra24flwbgjv9-nodejs-24.15.0"
      },
      "system": "aarch64-darwin",
      "group": "toplevel",
      "priority": 5
    },
    {
      "attr_path": "nodejs",
      "broken": false,
      "derivation": "/nix/store/zc41z1042wi0d1gmyc8mlwv5av8fds2q-nodejs-24.15.0.drv",
      "description": "Event-driven I/O framework for the V8 JavaScript engine",
      "install_id": "nodejs",
      "license": "MIT",
      "locked_url": "https://github.com/flox/nixpkgs?rev=567a49d1913ce81ac6e9582e3553dd90a955875f",
      "name": "nodejs-24.15.0",
      "pname": "nodejs",
      "rev": "567a49d1913ce81ac6e9582e3553dd90a955875f",
      "rev_count": 1017464,
      "rev_date": "2026-06-16T02:33:49Z",
      "scrape_date": "2026-06-17T03:44:48.128392Z",
      "stabilities": [
        "staging",
        "unstable"
      ],
      "unfree": false,
      "version": "24.15.0",
      "outputs_to_install": [
        "out",
        "out"
      ],
      "outputs": {
        "out": "/nix/store/rmdjmd0iy5zlyg0j2i1cd0s7ha1562fs-nodejs-24.15.0"
      },
      "system": "aarch64-linux",
      "group": "toplevel",
      "priority": 5
    },
    {
      "attr_path": "nodejs",
      "broken": false,
      "derivation": "/nix/store/f0ay9hny5gn4c0lfrb95xrakm7yf3s2q-nodejs-24.15.0.drv",
      "description": "Event-driven I/O framework for the V8 JavaScript engine",
      "install_id": "nodejs",
      "license": "MIT",
      "locked_url": "https://github.com/flox/nixpkgs?rev=567a49d1913ce81ac6e9582e3553dd90a955875f",
      "name": "nodejs-24.15.0",
      "pname": "nodejs",
      "rev": "567a49d1913ce81ac6e9582e3553dd90a955875f",
      "rev_count": 1017464,
      "rev_date": "2026-06-16T02:33:49Z",
      "scrape_date": "2026-06-17T04:13:32.462339Z",
      "stabilities": [
        "staging",
        "unstable"
      ],
      "unfree": false,
      "version": "24.15.0",
      "outputs_to_install": [
        "out",
        "out"
      ],
      "outputs": {
        "out": "/nix/store/rhv8jiklgw2bw4ljh4nm3h3r3bpnkcl3-nodejs-24.15.0"
      },
      "system": "x86_64-darwin",
      "group": "toplevel",
      "priority": 5
    },
    {
      "attr_path": "nodejs",
      "broken": false,
      "derivation": "/nix/store/f8i8jydaqs0ngxm97c091zna2mnjb43f-nodejs-24.15.0.drv",
      "description": "Event-driven I/O framework for the V8 JavaScript engine",
      "install_id": "nodejs",
      "license": "MIT",
      "locked_url": "https://github.com/flox/nixpkgs?rev=567a49d1913ce81ac6e9582e3553dd90a955875f",
      "name": "nodejs-24.15.0",
      "pname": "nodejs",
      "rev": "567a49d1913ce81ac6e9582e3553dd90a955875f",
      "rev_count": 1017464,
      "rev_date": "2026-06-16T02:33:49Z",
      "scrape_date": "2026-06-17T04:47:47.914293Z",
      "stabilities": [
        "staging",
        "unstable"
      ],
      "unfree": false,
      "version": "24.15.0",
      "outputs_to_install": [
        "out",
        "out"
      ],
      "outputs": {
        "out": "/nix/store/5a8ysg1jnj8jmzzyfcfw7rvpvnp5rfpa-nodejs-24.15.0"
      },
      "system": "x86_64-linux",
      "group": "toplevel",
      "priority": 5
    },
    {
      "attr_path": "pnpm",
      "broken": false,
      "derivation": "/nix/store/g0lbidwyjf1msxm3q6j5056d7hrp0kar-pnpm-11.5.3.drv",
      "description": "Fast, disk space efficient package manager for JavaScript",
      "install_id": "pnpm",
      "license": "MIT",
      "locked_url": "https://github.com/flox/nixpkgs?rev=567a49d1913ce81ac6e9582e3553dd90a955875f",
      "name": "pnpm-11.5.3",
      "pname": "pnpm",
      "rev": "567a49d1913ce81ac6e9582e3553dd90a955875f",
      "rev_count": 1017464,
      "rev_date": "2026-06-16T02:33:49Z",
      "scrape_date": "2026-06-17T03:13:54.072081Z",
      "stabilities": [
        "staging",
        "unstable"
      ],
      "unfree": false,
      "version": "11.5.3",
      "outputs_to_install": [
        "out"
      ],
      "outputs": {
        "out": "/nix/store/ir1v2h2wws01lf6chfcq64x7w2c6j96z-pnpm-11.5.3"
      },
      "system": "aarch64-darwin",
      "group": "toplevel",
      "priority": 5
    },
    {
      "attr_path": "pnpm",
      "broken": false,
      "derivation": "/nix/store/9znqg3mxv52y7gj1cl6m7w3vkj9mn71z-pnpm-11.5.3.drv",
      "description": "Fast, disk space efficient package manager for JavaScript",
      "install_id": "pnpm",
      "license": "MIT",
      "locked_url": "https://github.com/flox/nixpkgs?rev=567a49d1913ce81ac6e9582e3553dd90a955875f",
      "name": "pnpm-11.5.3",
      "pname": "pnpm",
      "rev": "567a49d1913ce81ac6e9582e3553dd90a955875f",
      "rev_count": 1017464,
      "rev_date": "2026-06-16T02:33:49Z",
      "scrape_date": "2026-06-17T03:45:08.162706Z",
      "stabilities": [
        "staging",
        "unstable"
      ],
      "unfree": false,
      "version": "11.5.3",
      "outputs_to_install": [
        "out"
      ],
      "outputs": {
        "out": "/nix/store/575mdxcjkv465s9p8fsib0bd7lkfzzfg-pnpm-11.5.3"
      },
      "system": "aarch64-linux",
      "group": "toplevel",
      "priority": 5
    },
    {
      "attr_path": "pnpm",
      "broken": false,
      "derivation": "/nix/store/i74bp9a78j651ad5lv8yjrlfwxh6jw9s-pnpm-11.5.3.drv",
      "description": "Fast, disk space efficient package manager for JavaScript",
      "install_id": "pnpm",
      "license": "MIT",
      "locked_url": "https://github.com/flox/nixpkgs?rev=567a49d1913ce81ac6e9582e3553dd90a955875f",
      "name": "pnpm-11.5.3",
      "pname": "pnpm",
      "rev": "567a49d1913ce81ac6e9582e3553dd90a955875f",
      "rev_count": 1017464,
      "rev_date": "2026-06-16T02:33:49Z",
      "scrape_date": "2026-06-17T04:13:47.698894Z",
      "stabilities": [
        "staging",
        "unstable"
      ],
      "unfree": false,
      "version": "11.5.3",
      "outputs_to_install": [
        "out"
      ],
      "outputs": {
        "out": "/nix/store/qgxl8idhx4wk2k906psq7250srwnr2ln-pnpm-11.5.3"
      },
      "system": "x86_64-darwin",
      "group": "toplevel",
      "priority": 5
    },
    {
      "attr_path": "pnpm",
      "broken": false,
      "derivation": "/nix/store/k62331cv06di01fmxliz9djg0k6h1bdw-pnpm-11.5.3.drv",
      "description": "Fast, disk space efficient package manager for JavaScript",
      "install_id": "pnpm",
      "license": "MIT",
      "locked_url": "https://github.com/flox/nixpkgs?rev=567a49d1913ce81ac6e9582e3553dd90a955875f",
      "name": "pnpm-11.5.3",
      "pname": "pnpm",
      "rev": "567a49d1913ce81ac6e9582e3553dd90a955875f",
      "rev_count": 1017464,
      "rev_date": "2026-06-16T02:33:49Z",
      "scrape_date": "2026-06-17T04:48:08.540071Z",
      "stabilities": [
        "staging",
        "unstable"
      ],
      "unfree": false,
      "version": "11.5.3",
      "outputs_to_install": [
        "out"
      ],
      "outputs": {
        "out": "/nix/store/5jlr96h609vn5ylavrfbjbbsbrp1x61z-pnpm-11.5.3"
      },
      "system": "x86_64-linux",
      "group": "toplevel",
      "priority": 5
    }
  ]
}
